{
  "version": 4,
  "terraform_version": "1.14.4",
  "serial": 5,
  "lineage": "67bb7560-6652-16af-f124-8e53e1d8eb15",
  "outputs": {
    "api_key": {
      "value": "black-beach-09b2c651e.1.azurestaticapps.net",
      "type": "string"
    },
    "fqdn": {
      "value": "www.gamifyworkout.com.",
      "type": "string"
    },
    "record": {
      "value": "black-beach-09b2c651e.1.azurestaticapps.net",
      "type": "string"
    },
    "soa_record": {
      "value": [
        {
          "email": "azuredns-hostmaster.microsoft.com",
          "expire_time": 2419200,
          "fqdn": "gamifyworkout.com.",
          "host_name": "ns1-03.azure-dns.com.",
          "minimum_ttl": 300,
          "refresh_time": 3600,
          "retry_time": 300,
          "serial_number": 1,
          "tags": {},
          "ttl": 3600
        }
      ],
      "type": [
        "list",
        [
          "object",
          {
            "email": "string",
            "expire_time": "number",
            "fqdn": "string",
            "host_name": "string",
            "minimum_ttl": "number",
            "refresh_time": "number",
            "retry_time": "number",
            "serial_number": "number",
            "tags": [
              "map",
              "string"
            ],
            "ttl": "number"
          }
        ]
      ]
    }
  },
  "resources": [
    {
      "mode": "managed",
      "type": "azurerm_dns_cname_record",
      "name": "dns_zone",
      "provider": "provider[\"registry.terraform.io/hashicorp/azurerm\"]",
      "instances": [
        {
          "schema_version": 1,
          "attributes": {
            "fqdn": "www.gamifyworkout.com.",
            "id": "/subscriptions/ca62117d-82a8-4604-be26-46e1c3025e8b/resourceGroups/rg-gamifyworkout/providers/Microsoft.Network/dnsZones/gamifyworkout.com/CNAME/www",
            "name": "www",
            "record": "black-beach-09b2c651e.1.azurestaticapps.net",
            "resource_group_name": "rg-gamifyworkout",
            "tags": null,
            "target_resource_id": "",
            "timeouts": null,
            "ttl": 300,
            "zone_name": "gamifyworkout.com"
          },
          "sensitive_attributes": [],
          "identity_schema_version": 0,
          "private": "eyJlMmJmYjczMC1lY2FhLTExZTYtOGY4OC0zNDM2M2JjN2M0YzAiOnsiY3JlYXRlIjoxODAwMDAwMDAwMDAwLCJkZWxldGUiOjE4MDAwMDAwMDAwMDAsInJlYWQiOjMwMDAwMDAwMDAwMCwidXBkYXRlIjoxODAwMDAwMDAwMDAwfSwic2NoZW1hX3ZlcnNpb24iOiIxIn0=",
          "dependencies": [
            "azurerm_dns_zone.dns_zone",
            "azurerm_resource_group.rg",
            "azurerm_static_web_app.static_web_app"
          ]
        }
      ]
    },
    {
      "mode": "managed",
      "type": "azurerm_dns_zone",
      "name": "dns_zone",
      "provider": "provider[\"registry.terraform.io/hashicorp/azurerm\"]",
      "instances": [
        {
          "schema_version": 2,
          "attributes": {
            "id": "/subscriptions/ca62117d-82a8-4604-be26-46e1c3025e8b/resourceGroups/rg-gamifyworkout/providers/Microsoft.Network/dnsZones/gamifyworkout.com",
            "max_number_of_record_sets": 10000,
            "name": "gamifyworkout.com",
            "name_servers": [
              "ns1-03.azure-dns.com.",
              "ns2-03.azure-dns.net.",
              "ns3-03.azure-dns.org.",
              "ns4-03.azure-dns.info."
            ],
            "number_of_record_sets": 2,
            "resource_group_name": "rg-gamifyworkout",
            "soa_record": [
              {
                "email": "azuredns-hostmaster.microsoft.com",
                "expire_time": 2419200,
                "fqdn": "gamifyworkout.com.",
                "host_name": "ns1-03.azure-dns.com.",
                "minimum_ttl": 300,
                "refresh_time": 3600,
                "retry_time": 300,
                "serial_number": 1,
                "tags": {},
                "ttl": 3600
              }
            ],
            "tags": null,
            "timeouts": null
          },
          "sensitive_attributes": [],
          "identity_schema_version": 0,
          "private": "eyJlMmJmYjczMC1lY2FhLTExZTYtOGY4OC0zNDM2M2JjN2M0YzAiOnsiY3JlYXRlIjoxODAwMDAwMDAwMDAwLCJkZWxldGUiOjE4MDAwMDAwMDAwMDAsInJlYWQiOjMwMDAwMDAwMDAwMCwidXBkYXRlIjoxODAwMDAwMDAwMDAwfSwic2NoZW1hX3ZlcnNpb24iOiIyIn0=",
          "dependencies": [
            "azurerm_resource_group.rg"
          ]
        }
      ]
    },
    {
      "mode": "managed",
      "type": "azurerm_resource_group",
      "name": "rg",
      "provider": "provider[\"registry.terraform.io/hashicorp/azurerm\"]",
      "instances": [
        {
          "schema_version": 0,
          "attributes": {
            "id": "/subscriptions/ca62117d-82a8-4604-be26-46e1c3025e8b/resourceGroups/rg-gamifyworkout",
            "location": "westus2",
            "managed_by": "",
            "name": "rg-gamifyworkout",
            "tags": null,
            "timeouts": null
          },
          "sensitive_attributes": [],
          "identity_schema_version": 0,
          "private": "eyJlMmJmYjczMC1lY2FhLTExZTYtOGY4OC0zNDM2M2JjN2M0YzAiOnsiY3JlYXRlIjo1NDAwMDAwMDAwMDAwLCJkZWxldGUiOjU0MDAwMDAwMDAwMDAsInJlYWQiOjMwMDAwMDAwMDAwMCwidXBkYXRlIjo1NDAwMDAwMDAwMDAwfX0="
        }
      ]
    },
    {
      "mode": "managed",
      "type": "azurerm_static_web_app",
      "name": "static_web_app",
      "provider": "provider[\"registry.terraform.io/hashicorp/azurerm\"]",
      "instances": [
        {
          "schema_version": 0,
          "attributes": {
            "api_key": "66983583d52335cf6e9c313e7c16728dfca9159a4159582f34f1617a58605c8901-81cd75af-b620-4aaf-b348-2132e404c87a01e010209b2c651e",
            "app_settings": null,
            "basic_auth": [],
            "configuration_file_changes_enabled": true,
            "default_host_name": "black-beach-09b2c651e.1.azurestaticapps.net",
            "id": "/subscriptions/ca62117d-82a8-4604-be26-46e1c3025e8b/resourceGroups/rg-gamifyworkout/providers/Microsoft.Web/staticSites/stapp-gamifyworkout",
            "identity": [],
            "location": "westus2",
            "name": "stapp-gamifyworkout",
            "preview_environments_enabled": true,
            "resource_group_name": "rg-gamifyworkout",
            "sku_size": "Free",
            "sku_tier": "Free",
            "tags": null,
            "timeouts": null
          },
          "sensitive_attributes": [
            [
              {
                "type": "get_attr",
                "value": "api_key"
              }
            ]
          ],
          "identity_schema_version": 0,
          "private": "eyJlMmJmYjczMC1lY2FhLTExZTYtOGY4OC0zNDM2M2JjN2M0YzAiOnsiY3JlYXRlIjoxODAwMDAwMDAwMDAwLCJkZWxldGUiOjE4MDAwMDAwMDAwMDAsInJlYWQiOjMwMDAwMDAwMDAwMCwidXBkYXRlIjoxODAwMDAwMDAwMDAwfX0=",
          "dependencies": [
            "azurerm_resource_group.rg"
          ]
        }
      ]
    }
  ],
  "check_results": null
}
