{
  "name": "template",
  "lockfileVersion": 3,
  "requires": true,
  "packages": {
    "": {
      "dependencies": {
        "@ng-matero/extensions": "^17.2.2",
        "@ngx-translate/core": "^15.0.0",
        "@ngx-translate/http-loader": "^8.0.0",
        "ngx-permissions": "^17.1.0",
        "ngx-progressbar": "^11.1.0",
        "ngx-toastr": "^18.0.0",
        "photoviewer": "^3.10.0",
        "screenfull": "^6.0.2"
      }
    },
    "node_modules/@ng-matero/extensions": {
      "version": "17.2.2",
      "resolved": "https://registry.npmjs.org/@ng-matero/extensions/-/extensions-17.2.2.tgz",
      "integrity": "sha512-mAdRYDCMdWFLX0EkjYBKE+TAGkHzljyZdItCWw7OnI/d/uRDIEhOutfS1FTh3U60Qs+W4AYIIMAZSYSJMnyFIw==",
      "dependencies": {
        "@ng-select/ng-select": "^12.0.0",
        "ngx-color": "^9.0.0",
        "photoviewer": "^3.9.0",
        "tslib": "^2.4.0"
      },
      "peerDependencies": {
        "@angular/animations": ">=17.1.0",
        "@angular/cdk": ">=17.1.0",
        "@angular/common": ">=17.1.0",
        "@angular/core": ">=17.1.0",
        "@angular/material": ">=17.1.0"
      }
    },
    "node_modules/@ngx-translate/core": {
      "version": "15.0.0",
      "resolved": "https://registry.npmjs.org/@ngx-translate/core/-/core-15.0.0.tgz",
      "integrity": "sha512-Am5uiuR0bOOxyoercDnAA3rJVizo4RRqJHo8N3RqJ+XfzVP/I845yEnMADykOHvM6HkVm4SZSnJBOiz0Anx5BA==",
      "engines": {
        "node": "^16.13.0 || >=18.10.0"
      },
      "peerDependencies": {
        "@angular/common": ">=16.0.0",
        "@angular/core": ">=16.0.0",
        "rxjs": "^6.5.5 || ^7.4.0"
      }
    },
    "node_modules/@ngx-translate/http-loader": {
      "version": "8.0.0",
      "resolved": "https://registry.npmjs.org/@ngx-translate/http-loader/-/http-loader-8.0.0.tgz",
      "integrity": "sha512-SFMsdUcmHF5OdZkL1CHEoSAwbP5EbAOPTLLboOCRRoOg21P4GJx+51jxGdJeGve6LSKLf4Pay7BkTwmE6vxYlg==",
      "engines": {
        "node": "^16.13.0 || >=18.10.0"
      },
      "peerDependencies": {
        "@angular/common": ">=16.0.0",
        "@angular/core": ">=16.0.0",
        "@ngx-translate/core": ">=15.0.0",
        "rxjs": "^6.5.5 || ^7.4.0"
      }
    },
    "node_modules/ngx-permissions": {
      "version": "17.1.0",
      "resolved": "https://registry.npmjs.org/ngx-permissions/-/ngx-permissions-17.1.0.tgz",
      "integrity": "sha512-NWZ/HAX0NCts5n7Yt0UlawJ78Eq05U+ssEFd3ugXESOCsgPT2QJ85Ls/imsLebiIiMrB/0zx6Bc6LqVPldXA9A==",
      "dependencies": {
        "tslib": "^2.3.0"
      },
      "peerDependencies": {
        "@angular/core": ">=13 || >18",
        "@angular/router": ">=13 || >18",
        "rxjs": ">=7 || >11"
      }
    },
    "node_modules/ngx-progressbar": {
      "version": "11.1.0",
      "resolved": "https://registry.npmjs.org/ngx-progressbar/-/ngx-progressbar-11.1.0.tgz",
      "integrity": "sha512-OClROEQn+hXIcE+JO6FPfjUrFOPbRUs4McUN9ZFZsRSt1lqpPNuHW19ANhClXr0sPPBlUuOKhoenB6xNAFe/aQ==",
      "dependencies": {
        "tslib": "^2.0.0"
      },
      "peerDependencies": {
        "@angular/common": ">=16.0.0",
        "@angular/core": ">=16.0.0",
        "@angular/router": ">=16.0.0",
        "rxjs": ">=7.0.0"
      }
    },
    "node_modules/ngx-toastr": {
      "version": "18.0.0",
      "resolved": "https://registry.npmjs.org/ngx-toastr/-/ngx-toastr-18.0.0.tgz",
      "integrity": "sha512-jZ3rOG6kygl8ittY8OltIMSo47P1VStuS01igm3MZXK6InJwHVvxU7wDHI/HGMlXSyNvWncyOuFHnnMEAifsew==",
      "dependencies": {
        "tslib": "^2.3.0"
      },
      "peerDependencies": {
        "@angular/common": ">=16.0.0-0",
        "@angular/core": ">=16.0.0-0",
        "@angular/platform-browser": ">=16.0.0-0"
      }
    },
    "node_modules/photoviewer": {
      "version": "3.10.0",
      "resolved": "https://registry.npmjs.org/photoviewer/-/photoviewer-3.10.0.tgz",
      "integrity": "sha512-TRv8h8dNjLdvkzRVyQu2rENTk0jUrvWtmX6crKp2wB2sw8Jnsie9SFJgvil4iu4QKvGRZnPmj53L/DPExYHJig==",
      "dependencies": {
        "domq.js": "^0.7.0"
      }
    },
    "node_modules/screenfull": {
      "version": "6.0.2",
      "resolved": "https://registry.npmjs.org/screenfull/-/screenfull-6.0.2.tgz",
      "integrity": "sha512-AQdy8s4WhNvUZ6P8F6PB21tSPIYKniic+Ogx0AacBMjKP1GUHN2E9URxQHtCusiwxudnCKkdy4GrHXPPJSkCCw==",
      "engines": {
        "node": "^14.13.1 || >=16.0.0"
      },
      "funding": {
        "url": "https://github.com/sponsors/sindresorhus"
      }
    }
  }
}
